
Microsoft Visual Studio Solution File, Format Version 12.00
# Visual Studio 15
VisualStudioVersion = 15.0.28307.421
MinimumVisualStudioVersion = 10.0.40219.1
Project("{FAE04EC0-301F-11D3-BF4B-00C04F79EFBC}") = "View", "View.csproj", "{F87E9619-59C1-4E50-8DB0-96631381AE99}"
EndProject
Project("{FAE04EC0-301F-11D3-BF4B-00C04F79EFBC}") = "Model", "..\Model\Model.csproj", "{AB045BEE-B2CB-4B14-977F-7CCC02A3374C}"
EndProject
Project("{FAE04EC0-301F-11D3-BF4B-00C04F79EFBC}") = "Presenter", "Presenter\Presenter.csproj", "{7A2154C5-F8D6-4AE7-A83F-C0103A32B6D2}"
EndProject
Global
	GlobalSection(SolutionConfigurationPlatforms) = preSolution
		Debug|Any CPU = Debug|Any CPU
		Release|Any CPU = Release|Any CPU
	EndGlobalSection
	GlobalSection(ProjectConfigurationPlatforms) = postSolution
		{F87E9619-59C1-4E50-8DB0-96631381AE99}.Debug|Any CPU.ActiveCfg = Debug|Any CPU
		{F87E9619-59C1-4E50-8DB0-96631381AE99}.Debug|Any CPU.Build.0 = Debug|Any CPU
		{F87E9619-59C1-4E50-8DB0-96631381AE99}.Release|Any CPU.ActiveCfg = Release|Any CPU
		{F87E9619-59C1-4E50-8DB0-96631381AE99}.Release|Any CPU.Build.0 = Release|Any CPU
		{AB045BEE-B2CB-4B14-977F-7CCC02A3374C}.Debug|Any CPU.ActiveCfg = Debug|Any CPU
		{AB045BEE-B2CB-4B14-977F-7CCC02A3374C}.Debug|Any CPU.Build.0 = Debug|Any CPU
		{AB045BEE-B2CB-4B14-977F-7CCC02A3374C}.Release|Any CPU.ActiveCfg = Release|Any CPU
		{AB045BEE-B2CB-4B14-977F-7CCC02A3374C}.Release|Any CPU.Build.0 = Release|Any CPU
		{7A2154C5-F8D6-4AE7-A83F-C0103A32B6D2}.Debug|Any CPU.ActiveCfg = Debug|Any CPU
		{7A2154C5-F8D6-4AE7-A83F-C0103A32B6D2}.Debug|Any CPU.Build.0 = Debug|Any CPU
		{7A2154C5-F8D6-4AE7-A83F-C0103A32B6D2}.Release|Any CPU.ActiveCfg = Release|Any CPU
		{7A2154C5-F8D6-4AE7-A83F-C0103A32B6D2}.Release|Any CPU.Build.0 = Release|Any CPU
	EndGlobalSection
	GlobalSection(SolutionProperties) = preSolution
		HideSolutionNode = FALSE
	EndGlobalSection
	GlobalSection(ExtensibilityGlobals) = postSolution
		SolutionGuid = {1D7332D2-58C0-4A8A-9123-64E3DA923EE6}
	EndGlobalSection
EndGlobal
